// !$*UTF8*$!
{
	archiveVersion = 1;
	classes = {
	};
	objectVersion = 46;
	objects = {

/* Begin PBXBuildFile section */
		2EC1A7111C500CF100AAD97C /* UIProjectTests.m in Sources */ = {isa = PBXBuildFile; fileRef = 2EC1A7101C500CF100AAD97C /* UIProjectTests.m */; };
		2EC1A71F1C5011F600AAD97C /* SAPAppDelegate.m in Sources */ = {isa = PBXBuildFile; fileRef = 2EC1A71C1C5011F600AAD97C /* SAPAppDelegate.m */; };
		2EC1A7271C50120D00AAD97C /* LaunchScreen.xib in Resources */ = {isa = PBXBuildFile; fileRef = 2EC1A7221C50120D00AAD97C /* LaunchScreen.xib */; };
		2EC1A7291C50120D00AAD97C /* Images.xcassets in Resources */ = {isa = PBXBuildFile; fileRef = 2EC1A7261C50120D00AAD97C /* Images.xcassets */; };
		2EC1A72D1C50122500AAD97C /* Info.plist in Resources */ = {isa = PBXBuildFile; fileRef = 2EC1A72B1C50122500AAD97C /* Info.plist */; };
		2EC1A72E1C50122500AAD97C /* main.m in Sources */ = {isa = PBXBuildFile; fileRef = 2EC1A72C1C50122500AAD97C /* main.m */; };
		2EC1A7321C50174700AAD97C /* SAPViewController.m in Sources */ = {isa = PBXBuildFile; fileRef = 2EC1A7311C50174700AAD97C /* SAPViewController.m */; };
		CA9E10571C5523EB00502D8B /* View.xib in Resources */ = {isa = PBXBuildFile; fileRef = CA9E10561C5523EB00502D8B /* View.xib */; settings = {ASSET_TAGS = (); }; };
		CAC4210C1C575CD4004E4F1E /* NSString+SAPRandomName.m in Sources */ = {isa = PBXBuildFile; fileRef = CAC421001C575CD4004E4F1E /* NSString+SAPRandomName.m */; settings = {ASSET_TAGS = (); }; };
		CAC4210D1C575CD4004E4F1E /* NSString+SAPStringExtentions.m in Sources */ = {isa = PBXBuildFile; fileRef = CAC421021C575CD4004E4F1E /* NSString+SAPStringExtentions.m */; settings = {ASSET_TAGS = (); }; };
		CAC4210E1C575CD4004E4F1E /* SAPAlphabet.m in Sources */ = {isa = PBXBuildFile; fileRef = CAC421051C575CD4004E4F1E /* SAPAlphabet.m */; settings = {ASSET_TAGS = (); }; };
		CAC4211A1C5770FF004E4F1E /* SAPUser.m in Sources */ = {isa = PBXBuildFile; fileRef = CAC421141C5770FF004E4F1E /* SAPUser.m */; settings = {ASSET_TAGS = (); }; };
		CAC4211B1C5770FF004E4F1E /* SAPUserView.m in Sources */ = {isa = PBXBuildFile; fileRef = CAC421161C5770FF004E4F1E /* SAPUserView.m */; settings = {ASSET_TAGS = (); }; };
		CAC4211C1C5770FF004E4F1E /* SAPUserViewController.m in Sources */ = {isa = PBXBuildFile; fileRef = CAC421181C5770FF004E4F1E /* SAPUserViewController.m */; settings = {ASSET_TAGS = (); }; };
		CAC4211D1C5770FF004E4F1E /* SAPUserViewController.xib in Resources */ = {isa = PBXBuildFile; fileRef = CAC421191C5770FF004E4F1E /* SAPUserViewController.xib */; settings = {ASSET_TAGS = (); }; };
/* End PBXBuildFile section */

/* Begin PBXContainerItemProxy section */
		2EC1A70B1C500CF100AAD97C /* PBXContainerItemProxy */ = {
			isa = PBXContainerItemProxy;
			containerPortal = 2EC1A6E91C500CF100AAD97C /* Project object */;
			proxyType = 1;
			remoteGlobalIDString = 2EC1A6F01C500CF100AAD97C;
			remoteInfo = UIProject;
		};
/* End PBXContainerItemProxy section */

/* Begin PBXFileReference section */
		2EC1A6F11C500CF100AAD97C /* UIProject.app */ = {isa = PBXFileReference; explicitFileType = wrapper.application; includeInIndex = 0; path = UIProject.app; sourceTree = BUILT_PRODUCTS_DIR; };
		2EC1A70A1C500CF100AAD97C /* UIProjectTests.xctest */ = {isa = PBXFileReference; explicitFileType = wrapper.cfbundle; includeInIndex = 0; path = UIProjectTests.xctest; sourceTree = BUILT_PRODUCTS_DIR; };
		2EC1A70F1C500CF100AAD97C /* Info.plist */ = {isa = PBXFileReference; lastKnownFileType = text.plist.xml; path = Info.plist; sourceTree = "<group>"; };
		2EC1A7101C500CF100AAD97C /* UIProjectTests.m */ = {isa = PBXFileReference; lastKnownFileType = sourcecode.c.objc; path = UIProjectTests.m; sourceTree = "<group>"; };
		2EC1A71B1C5011F600AAD97C /* SAPAppDelegate.h */ = {isa = PBXFileReference; fileEncoding = 4; lastKnownFileType = sourcecode.c.h; path = SAPAppDelegate.h; sourceTree = "<group>"; };
		2EC1A71C1C5011F600AAD97C /* SAPAppDelegate.m */ = {isa = PBXFileReference; fileEncoding = 4; lastKnownFileType = sourcecode.c.objc; path = SAPAppDelegate.m; sourceTree = "<group>"; };
		2EC1A7231C50120D00AAD97C /* Base */ = {isa = PBXFileReference; lastKnownFileType = file.xib; name = Base; path = Base.lproj/LaunchScreen.xib; sourceTree = "<group>"; };
		2EC1A7261C50120D00AAD97C /* Images.xcassets */ = {isa = PBXFileReference; lastKnownFileType = folder.assetcatalog; path = Images.xcassets; sourceTree = "<group>"; };
		2EC1A72B1C50122500AAD97C /* Info.plist */ = {isa = PBXFileReference; fileEncoding = 4; lastKnownFileType = text.plist.xml; path = Info.plist; sourceTree = "<group>"; };
		2EC1A72C1C50122500AAD97C /* main.m */ = {isa = PBXFileReference; fileEncoding = 4; lastKnownFileType = sourcecode.c.objc; path = main.m; sourceTree = "<group>"; };
		2EC1A7301C50174700AAD97C /* SAPViewController.h */ = {isa = PBXFileReference; fileEncoding = 4; lastKnownFileType = sourcecode.c.h; path = SAPViewController.h; sourceTree = "<group>"; };
		2EC1A7311C50174700AAD97C /* SAPViewController.m */ = {isa = PBXFileReference; fileEncoding = 4; lastKnownFileType = sourcecode.c.objc; path = SAPViewController.m; sourceTree = "<group>"; };
		CA9E10561C5523EB00502D8B /* View.xib */ = {isa = PBXFileReference; fileEncoding = 4; lastKnownFileType = file.xib; path = View.xib; sourceTree = "<group>"; };
		CAC420FF1C575CD4004E4F1E /* NSString+SAPRandomName.h */ = {isa = PBXFileReference; fileEncoding = 4; lastKnownFileType = sourcecode.c.h; path = "NSString+SAPRandomName.h"; sourceTree = "<group>"; };
		CAC421001C575CD4004E4F1E /* NSString+SAPRandomName.m */ = {isa = PBXFileReference; fileEncoding = 4; lastKnownFileType = sourcecode.c.objc; path = "NSString+SAPRandomName.m"; sourceTree = "<group>"; };
		CAC421011C575CD4004E4F1E /* NSString+SAPStringExtentions.h */ = {isa = PBXFileReference; fileEncoding = 4; lastKnownFileType = sourcecode.c.h; path = "NSString+SAPStringExtentions.h"; sourceTree = "<group>"; };
		CAC421021C575CD4004E4F1E /* NSString+SAPStringExtentions.m */ = {isa = PBXFileReference; fileEncoding = 4; lastKnownFileType = sourcecode.c.objc; path = "NSString+SAPStringExtentions.m"; sourceTree = "<group>"; };
		CAC421041C575CD4004E4F1E /* SAPAlphabet.h */ = {isa = PBXFileReference; fileEncoding = 4; lastKnownFileType = sourcecode.c.h; path = SAPAlphabet.h; sourceTree = "<group>"; };
		CAC421051C575CD4004E4F1E /* SAPAlphabet.m */ = {isa = PBXFileReference; fileEncoding = 4; lastKnownFileType = sourcecode.c.objc; path = SAPAlphabet.m; sourceTree = "<group>"; };
		CAC421131C5770FF004E4F1E /* SAPUser.h */ = {isa = PBXFileReference; fileEncoding = 4; lastKnownFileType = sourcecode.c.h; path = SAPUser.h; sourceTree = "<group>"; };
		CAC421141C5770FF004E4F1E /* SAPUser.m */ = {isa = PBXFileReference; fileEncoding = 4; lastKnownFileType = sourcecode.c.objc; path = SAPUser.m; sourceTree = "<group>"; };
		CAC421151C5770FF004E4F1E /* SAPUserView.h */ = {isa = PBXFileReference; fileEncoding = 4; lastKnownFileType = sourcecode.c.h; path = SAPUserView.h; sourceTree = "<group>"; };
		CAC421161C5770FF004E4F1E /* SAPUserView.m */ = {isa = PBXFileReference; fileEncoding = 4; lastKnownFileType = sourcecode.c.objc; path = SAPUserView.m; sourceTree = "<group>"; };
		CAC421171C5770FF004E4F1E /* SAPUserViewController.h */ = {isa = PBXFileReference; fileEncoding = 4; lastKnownFileType = sourcecode.c.h; path = SAPUserViewController.h; sourceTree = "<group>"; };
		CAC421181C5770FF004E4F1E /* SAPUserViewController.m */ = {isa = PBXFileReference; fileEncoding = 4; lastKnownFileType = sourcecode.c.objc; path = SAPUserViewController.m; sourceTree = "<group>"; };
		CAC421191C5770FF004E4F1E /* SAPUserViewController.xib */ = {isa = PBXFileReference; fileEncoding = 4; lastKnownFileType = file.xib; path = SAPUserViewController.xib; sourceTree = "<group>"; };
/* End PBXFileReference section */

/* Begin PBXFrameworksBuildPhase section */
		2EC1A6EE1C500CF100AAD97C /* Frameworks */ = {
			isa = PBXFrameworksBuildPhase;
			buildActionMask = 2147483647;
			files = (
			);
			runOnlyForDeploymentPostprocessing = 0;
		};
		2EC1A7071C500CF100AAD97C /* Frameworks */ = {
			isa = PBXFrameworksBuildPhase;
			buildActionMask = 2147483647;
			files = (
			);
			runOnlyForDeploymentPostprocessing = 0;
		};
/* End PBXFrameworksBuildPhase section */

/* Begin PBXGroup section */
		2EC1A6E81C500CF100AAD97C = {
			isa = PBXGroup;
			children = (
				2EC1A71A1C5011F600AAD97C /* Source */,
				2EC1A7211C50120D00AAD97C /* Resources */,
				2EC1A72A1C50122500AAD97C /* UIProject */,
				2EC1A70D1C500CF100AAD97C /* UIProjectTests */,
				2EC1A6F21C500CF100AAD97C /* Products */,
			);
			sourceTree = "<group>";
		};
		2EC1A6F21C500CF100AAD97C /* Products */ = {
			isa = PBXGroup;
			children = (
				2EC1A6F11C500CF100AAD97C /* UIProject.app */,
				2EC1A70A1C500CF100AAD97C /* UIProjectTests.xctest */,
			);
			name = Products;
			sourceTree = "<group>";
		};
		2EC1A70D1C500CF100AAD97C /* UIProjectTests */ = {
			isa = PBXGroup;
			children = (
				2EC1A7101C500CF100AAD97C /* UIProjectTests.m */,
				2EC1A70E1C500CF100AAD97C /* Supporting Files */,
			);
			path = UIProjectTests;
			sourceTree = "<group>";
		};
		2EC1A70E1C500CF100AAD97C /* Supporting Files */ = {
			isa = PBXGroup;
			children = (
				2EC1A70F1C500CF100AAD97C /* Info.plist */,
			);
			name = "Supporting Files";
			sourceTree = "<group>";
		};
		2EC1A71A1C5011F600AAD97C /* Source */ = {
			isa = PBXGroup;
			children = (
				CAC421121C5770FF004E4F1E /* SAPUserViewController */,
				CAC420FE1C575CD3004E4F1E /* NSString+SAPStringExtentions */,
				CAC421031C575CD4004E4F1E /* SAPAlphabet */,
				2EC1A72F1C50174700AAD97C /* UI */,
				2EC1A71B1C5011F600AAD97C /* SAPAppDelegate.h */,
				2EC1A71C1C5011F600AAD97C /* SAPAppDelegate.m */,
			);
			path = Source;
			sourceTree = "<group>";
		};
		2EC1A7211C50120D00AAD97C /* Resources */ = {
			isa = PBXGroup;
			children = (
				2EC1A7221C50120D00AAD97C /* LaunchScreen.xib */,
				2EC1A7261C50120D00AAD97C /* Images.xcassets */,
			);
			path = Resources;
			sourceTree = "<group>";
		};
		2EC1A72A1C50122500AAD97C /* UIProject */ = {
			isa = PBXGroup;
			children = (
				2EC1A72B1C50122500AAD97C /* Info.plist */,
				2EC1A72C1C50122500AAD97C /* main.m */,
			);
			path = UIProject;
			sourceTree = "<group>";
		};
		2EC1A72F1C50174700AAD97C /* UI */ = {
			isa = PBXGroup;
			children = (
				2EC1A7301C50174700AAD97C /* SAPViewController.h */,
				2EC1A7311C50174700AAD97C /* SAPViewController.m */,
				CA9E10561C5523EB00502D8B /* View.xib */,
			);
			path = UI;
			sourceTree = "<group>";
		};
		CAC420FE1C575CD3004E4F1E /* NSString+SAPStringExtentions */ = {
			isa = PBXGroup;
			children = (
				CAC420FF1C575CD4004E4F1E /* NSString+SAPRandomName.h */,
				CAC421001C575CD4004E4F1E /* NSString+SAPRandomName.m */,
				CAC421011C575CD4004E4F1E /* NSString+SAPStringExtentions.h */,
				CAC421021C575CD4004E4F1E /* NSString+SAPStringExtentions.m */,
			);
			path = "NSString+SAPStringExtentions";
			sourceTree = "<group>";
		};
		CAC421031C575CD4004E4F1E /* SAPAlphabet */ = {
			isa = PBXGroup;
			children = (
				CAC421041C575CD4004E4F1E /* SAPAlphabet.h */,
				CAC421051C575CD4004E4F1E /* SAPAlphabet.m */,
			);
			path = SAPAlphabet;
			sourceTree = "<group>";
		};
		CAC421121C5770FF004E4F1E /* SAPUserViewController */ = {
			isa = PBXGroup;
			children = (
				CAC421171C5770FF004E4F1E /* SAPUserViewController.h */,
				CAC421181C5770FF004E4F1E /* SAPUserViewController.m */,
				CAC421191C5770FF004E4F1E /* SAPUserViewController.xib */,
				CAC421151C5770FF004E4F1E /* SAPUserView.h */,
				CAC421161C5770FF004E4F1E /* SAPUserView.m */,
				CAC421131C5770FF004E4F1E /* SAPUser.h */,
				CAC421141C5770FF004E4F1E /* SAPUser.m */,
			);
			path = SAPUserViewController;
			sourceTree = "<group>";
		};
/* End PBXGroup section */

/* Begin PBXNativeTarget section */
		2EC1A6F01C500CF100AAD97C /* UIProject */ = {
			isa = PBXNativeTarget;
			buildConfigurationList = 2EC1A7141C500CF100AAD97C /* Build configuration list for PBXNativeTarget "UIProject" */;
			buildPhases = (
				2EC1A6ED1C500CF100AAD97C /* Sources */,
				2EC1A6EE1C500CF100AAD97C /* Frameworks */,
				2EC1A6EF1C500CF100AAD97C /* Resources */,
			);
			buildRules = (
			);
			dependencies = (
			);
			name = UIProject;
			productName = UIProject;
			productReference = 2EC1A6F11C500CF100AAD97C /* UIProject.app */;
			productType = "com.apple.product-type.application";
		};
		2EC1A7091C500CF100AAD97C /* UIProjectTests */ = {
			isa = PBXNativeTarget;
			buildConfigurationList = 2EC1A7171C500CF100AAD97C /* Build configuration list for PBXNativeTarget "UIProjectTests" */;
			buildPhases = (
				2EC1A7061C500CF100AAD97C /* Sources */,
				2EC1A7071C500CF100AAD97C /* Frameworks */,
				2EC1A7081C500CF100AAD97C /* Resources */,
			);
			buildRules = (
			);
			dependencies = (
				2EC1A70C1C500CF100AAD97C /* PBXTargetDependency */,
			);
			name = UIProjectTests;
			productName = UIProjectTests;
			productReference = 2EC1A70A1C500CF100AAD97C /* UIProjectTests.xctest */;
			productType = "com.apple.product-type.bundle.unit-test";
		};
/* End PBXNativeTarget section */

/* Begin PBXProject section */
		2EC1A6E91C500CF100AAD97C /* Project object */ = {
			isa = PBXProject;
			attributes = {
				CLASSPREFIX = SAP;
				LastUpgradeCheck = 0640;
				ORGANIZATIONNAME = "Andrey Shevtsov";
				TargetAttributes = {
					2EC1A6F01C500CF100AAD97C = {
						CreatedOnToolsVersion = 6.4;
					};
					2EC1A7091C500CF100AAD97C = {
						CreatedOnToolsVersion = 6.4;
						TestTargetID = 2EC1A6F01C500CF100AAD97C;
					};
				};
			};
			buildConfigurationList = 2EC1A6EC1C500CF100AAD97C /* Build configuration list for PBXProject "UIProject" */;
			compatibilityVersion = "Xcode 3.2";
			developmentRegion = English;
			hasScannedForEncodings = 0;
			knownRegions = (
				en,
				Base,
			);
			mainGroup = 2EC1A6E81C500CF100AAD97C;
			productRefGroup = 2EC1A6F21C500CF100AAD97C /* Products */;
			projectDirPath = "";
			projectRoot = "";
			targets = (
				2EC1A6F01C500CF100AAD97C /* UIProject */,
				2EC1A7091C500CF100AAD97C /* UIProjectTests */,
			);
		};
/* End PBXProject section */

/* Begin PBXResourcesBuildPhase section */
		2EC1A6EF1C500CF100AAD97C /* Resources */ = {
			isa = PBXResourcesBuildPhase;
			buildActionMask = 2147483647;
			files = (
				CAC4211D1C5770FF004E4F1E /* SAPUserViewController.xib in Resources */,
				CA9E10571C5523EB00502D8B /* View.xib in Resources */,
				2EC1A72D1C50122500AAD97C /* Info.plist in Resources */,
				2EC1A7291C50120D00AAD97C /* Images.xcassets in Resources */,
				2EC1A7271C50120D00AAD97C /* LaunchScreen.xib in Resources */,
			);
			runOnlyForDeploymentPostprocessing = 0;
		};
		2EC1A7081C500CF100AAD97C /* Resources */ = {
			isa = PBXResourcesBuildPhase;
			buildActionMask = 2147483647;
			files = (
			);
			runOnlyForDeploymentPostprocessing = 0;
		};
/* End PBXResourcesBuildPhase section */

/* Begin PBXSourcesBuildPhase section */
		2EC1A6ED1C500CF100AAD97C /* Sources */ = {
			isa = PBXSourcesBuildPhase;
			buildActionMask = 2147483647;
			files = (
				CAC4211C1C5770FF004E4F1E /* SAPUserViewController.m in Sources */,
				CAC4210D1C575CD4004E4F1E /* NSString+SAPStringExtentions.m in Sources */,
				CAC4211B1C5770FF004E4F1E /* SAPUserView.m in Sources */,
				CAC4211A1C5770FF004E4F1E /* SAPUser.m in Sources */,
				2EC1A72E1C50122500AAD97C /* main.m in Sources */,
				2EC1A7321C50174700AAD97C /* SAPViewController.m in Sources */,
				CAC4210E1C575CD4004E4F1E /* SAPAlphabet.m in Sources */,
				CAC4210C1C575CD4004E4F1E /* NSString+SAPRandomName.m in Sources */,
				2EC1A71F1C5011F600AAD97C /* SAPAppDelegate.m in Sources */,
			);
			runOnlyForDeploymentPostprocessing = 0;
		};
		2EC1A7061C500CF100AAD97C /* Sources */ = {
			isa = PBXSourcesBuildPhase;
			buildActionMask = 2147483647;
			files = (
				2EC1A7111C500CF100AAD97C /* UIProjectTests.m in Sources */,
			);
			runOnlyForDeploymentPostprocessing = 0;
		};
/* End PBXSourcesBuildPhase section */

/* Begin PBXTargetDependency section */
		2EC1A70C1C500CF100AAD97C /* PBXTargetDependency */ = {
			isa = PBXTargetDependency;
			target = 2EC1A6F01C500CF100AAD97C /* UIProject */;
			targetProxy = 2EC1A70B1C500CF100AAD97C /* PBXContainerItemProxy */;
		};
/* End PBXTargetDependency section */

/* Begin PBXVariantGroup section */
		2EC1A7221C50120D00AAD97C /* LaunchScreen.xib */ = {
			isa = PBXVariantGroup;
			children = (
				2EC1A7231C50120D00AAD97C /* Base */,
			);
			name = LaunchScreen.xib;
			sourceTree = "<group>";
		};
/* End PBXVariantGroup section */

/* Begin XCBuildConfiguration section */
		2EC1A7121C500CF100AAD97C /* Debug */ = {
			isa = XCBuildConfiguration;
			buildSettings = {
				ALWAYS_SEARCH_USER_PATHS = NO;
				CLANG_CXX_LANGUAGE_STANDARD = "gnu++0x";
				CLANG_CXX_LIBRARY = "libc++";
				CLANG_ENABLE_MODULES = YES;
				CLANG_ENABLE_OBJC_ARC = YES;
				CLANG_WARN_BOOL_CONVERSION = YES;
				CLANG_WARN_CONSTANT_CONVERSION = YES;
				CLANG_WARN_DIRECT_OBJC_ISA_USAGE = YES_ERROR;
				CLANG_WARN_EMPTY_BODY = YES;
				CLANG_WARN_ENUM_CONVERSION = YES;
				CLANG_WARN_INT_CONVERSION = YES;
				CLANG_WARN_OBJC_ROOT_CLASS = YES_ERROR;
				CLANG_WARN_UNREACHABLE_CODE = YES;
				CLANG_WARN__DUPLICATE_METHOD_MATCH = YES;
				"CODE_SIGN_IDENTITY[sdk=iphoneos*]" = "iPhone Developer";
				COPY_PHASE_STRIP = NO;
				DEBUG_INFORMATION_FORMAT = "dwarf-with-dsym";
				ENABLE_STRICT_OBJC_MSGSEND = YES;
				GCC_C_LANGUAGE_STANDARD = gnu99;
				GCC_DYNAMIC_NO_PIC = NO;
				GCC_NO_COMMON_BLOCKS = YES;
				GCC_OPTIMIZATION_LEVEL = 0;
				GCC_PREPROCESSOR_DEFINITIONS = (
					"DEBUG=1",
					"$(inherited)",
				);
				GCC_SYMBOLS_PRIVATE_EXTERN = NO;
				GCC_WARN_64_TO_32_BIT_CONVERSION = YES;
				GCC_WARN_ABOUT_RETURN_TYPE = YES_ERROR;
				GCC_WARN_UNDECLARED_SELECTOR = YES;
				GCC_WARN_UNINITIALIZED_AUTOS = YES_AGGRESSIVE;
				GCC_WARN_UNUSED_FUNCTION = YES;
				GCC_WARN_UNUSED_VARIABLE = YES;
				IPHONEOS_DEPLOYMENT_TARGET = 8.4;
				MTL_ENABLE_DEBUG_INFO = YES;
				ONLY_ACTIVE_ARCH = YES;
				SDKROOT = iphoneos;
			};
			name = Debug;
		};
		2EC1A7131C500CF100AAD97C /* Release */ = {
			isa = XCBuildConfiguration;
			buildSettings = {
				ALWAYS_SEARCH_USER_PATHS = NO;
				CLANG_CXX_LANGUAGE_STANDARD = "gnu++0x";
				CLANG_CXX_LIBRARY = "libc++";
				CLANG_ENABLE_MODULES = YES;
				CLANG_ENABLE_OBJC_ARC = YES;
				CLANG_WARN_BOOL_CONVERSION = YES;
				CLANG_WARN_CONSTANT_CONVERSION = YES;
				CLANG_WARN_DIRECT_OBJC_ISA_USAGE = YES_ERROR;
				CLANG_WARN_EMPTY_BODY = YES;
				CLANG_WARN_ENUM_CONVERSION = YES;
				CLANG_WARN_INT_CONVERSION = YES;
				CLANG_WARN_OBJC_ROOT_CLASS = YES_ERROR;
				CLANG_WARN_UNREACHABLE_CODE = YES;
				CLANG_WARN__DUPLICATE_METHOD_MATCH = YES;
				"CODE_SIGN_IDENTITY[sdk=iphoneos*]" = "iPhone Developer";
				COPY_PHASE_STRIP = NO;
				DEBUG_INFORMATION_FORMAT = "dwarf-with-dsym";
				ENABLE_NS_ASSERTIONS = NO;
				ENABLE_STRICT_OBJC_MSGSEND = YES;
				GCC_C_LANGUAGE_STANDARD = gnu99;
				GCC_NO_COMMON_BLOCKS = YES;
				GCC_WARN_64_TO_32_BIT_CONVERSION = YES;
				GCC_WARN_ABOUT_RETURN_TYPE = YES_ERROR;
				GCC_WARN_UNDECLARED_SELECTOR = YES;
				GCC_WARN_UNINITIALIZED_AUTOS = YES_AGGRESSIVE;
				GCC_WARN_UNUSED_FUNCTION = YES;
				GCC_WARN_UNUSED_VARIABLE = YES;
				IPHONEOS_DEPLOYMENT_TARGET = 8.4;
				MTL_ENABLE_DEBUG_INFO = NO;
				SDKROOT = iphoneos;
				VALIDATE_PRODUCT = YES;
			};
			name = Release;
		};
		2EC1A7151C500CF100AAD97C /* Debug */ = {
			isa = XCBuildConfiguration;
			buildSettings = {
				ASSETCATALOG_COMPILER_APPICON_NAME = AppIcon;
				INFOPLIST_FILE = UIProject/Info.plist;
				LD_RUNPATH_SEARCH_PATHS = "$(inherited) @executable_path/Frameworks";
				PRODUCT_NAME = "$(TARGET_NAME)";
			};
			name = Debug;
		};
		2EC1A7161C500CF100AAD97C /* Release */ = {
			isa = XCBuildConfiguration;
			buildSettings = {
				ASSETCATALOG_COMPILER_APPICON_NAME = AppIcon;
				INFOPLIST_FILE = UIProject/Info.plist;
				LD_RUNPATH_SEARCH_PATHS = "$(inherited) @executable_path/Frameworks";
				PRODUCT_NAME = "$(TARGET_NAME)";
			};
			name = Release;
		};
		2EC1A7181C500CF100AAD97C /* Debug */ = {
			isa = XCBuildConfiguration;
			buildSettings = {
				BUNDLE_LOADER = "$(TEST_HOST)";
				FRAMEWORK_SEARCH_PATHS = (
					"$(SDKROOT)/Developer/Library/Frameworks",
					"$(inherited)",
				);
				GCC_PREPROCESSOR_DEFINITIONS = (
					"DEBUG=1",
					"$(inherited)",
				);
				INFOPLIST_FILE = UIProjectTests/Info.plist;
				LD_RUNPATH_SEARCH_PATHS = "$(inherited) @executable_path/Frameworks @loader_path/Frameworks";
				PRODUCT_NAME = "$(TARGET_NAME)";
				TEST_HOST = "$(BUILT_PRODUCTS_DIR)/UIProject.app/UIProject";
			};
			name = Debug;
		};
		2EC1A7191C500CF100AAD97C /* Release */ = {
			isa = XCBuildConfiguration;
			buildSettings = {
				BUNDLE_LOADER = "$(TEST_HOST)";
				FRAMEWORK_SEARCH_PATHS = (
					"$(SDKROOT)/Developer/Library/Frameworks",
					"$(inherited)",
				);
				INFOPLIST_FILE = UIProjectTests/Info.plist;
				LD_RUNPATH_SEARCH_PATHS = "$(inherited) @executable_path/Frameworks @loader_path/Frameworks";
				PRODUCT_NAME = "$(TARGET_NAME)";
				TEST_HOST = "$(BUILT_PRODUCTS_DIR)/UIProject.app/UIProject";
			};
			name = Release;
		};
/* End XCBuildConfiguration section */

/* Begin XCConfigurationList section */
		2EC1A6EC1C500CF100AAD97C /* Build configuration list for PBXProject "UIProject" */ = {
			isa = XCConfigurationList;
			buildConfigurations = (
				2EC1A7121C500CF100AAD97C /* Debug */,
				2EC1A7131C500CF100AAD97C /* Release */,
			);
			defaultConfigurationIsVisible = 0;
			defaultConfigurationName = Release;
		};
		2EC1A7141C500CF100AAD97C /* Build configuration list for PBXNativeTarget "UIProject" */ = {
			isa = XCConfigurationList;
			buildConfigurations = (
				2EC1A7151C500CF100AAD97C /* Debug */,
				2EC1A7161C500CF100AAD97C /* Release */,
			);
			defaultConfigurationIsVisible = 0;
			defaultConfigurationName = Release;
		};
		2EC1A7171C500CF100AAD97C /* Build configuration list for PBXNativeTarget "UIProjectTests" */ = {
			isa = XCConfigurationList;
			buildConfigurations = (
				2EC1A7181C500CF100AAD97C /* Debug */,
				2EC1A7191C500CF100AAD97C /* Release */,
			);
			defaultConfigurationIsVisible = 0;
			defaultConfigurationName = Release;
		};
/* End XCConfigurationList section */
	};
	rootObject = 2EC1A6E91C500CF100AAD97C /* Project object */;
}
